
Microsoft Visual Studio Solution File, Format Version 12.00
# Visual Studio Version 16
VisualStudioVersion = 16.0.32002.261
MinimumVisualStudioVersion = 10.0.40219.1
Project("{FAE04EC0-301F-11D3-BF4B-00C04F79EFBC}") = "Trabajo_n4", "Trabajo_n4\Trabajo_n4.csproj", "{432550A4-0BDA-41FB-A60F-2526768AD43D}"
EndProject
Global
	GlobalSection(SolutionConfigurationPlatforms) = preSolution
		Debug|Any CPU = Debug|Any CPU
		Release|Any CPU = Release|Any CPU
	EndGlobalSection
	GlobalSection(ProjectConfigurationPlatforms) = postSolution
		{432550A4-0BDA-41FB-A60F-2526768AD43D}.Debug|Any CPU.ActiveCfg = Debug|Any CPU
		{432550A4-0BDA-41FB-A60F-2526768AD43D}.Debug|Any CPU.Build.0 = Debug|Any CPU
		{432550A4-0BDA-41FB-A60F-2526768AD43D}.Release|Any CPU.ActiveCfg = Release|Any CPU
		{432550A4-0BDA-41FB-A60F-2526768AD43D}.Release|Any CPU.Build.0 = Release|Any CPU
	EndGlobalSection
	GlobalSection(SolutionProperties) = preSolution
		HideSolutionNode = FALSE
	EndGlobalSection
	GlobalSection(ExtensibilityGlobals) = postSolution
		SolutionGuid = {A8DF0DD6-DD23-48A8-9AC8-2E2F4C0BAFEB}
	EndGlobalSection
EndGlobal
